
Microsoft Visual Studio Solution File, Format Version 12.00
# Visual Studio 15
VisualStudioVersion = 15.0.28307.757
MinimumVisualStudioVersion = 10.0.40219.1
Project("{FAE04EC0-301F-11D3-BF4B-00C04F79EFBC}") = "TicTacToeExercise", "TicTacToeExercise\TicTacToeExercise.csproj", "{CC6AEADB-701A-44AD-96AC-62D958CB83C9}"
EndProject
Global
	GlobalSection(SolutionConfigurationPlatforms) = preSolution
		Debug|Any CPU = Debug|Any CPU
		Release|Any CPU = Release|Any CPU
	EndGlobalSection
	GlobalSection(ProjectConfigurationPlatforms) = postSolution
		{CC6AEADB-701A-44AD-96AC-62D958CB83C9}.Debug|Any CPU.ActiveCfg = Debug|Any CPU
		{CC6AEADB-701A-44AD-96AC-62D958CB83C9}.Debug|Any CPU.Build.0 = Debug|Any CPU
		{CC6AEADB-701A-44AD-96AC-62D958CB83C9}.Release|Any CPU.ActiveCfg = Release|Any CPU
		{CC6AEADB-701A-44AD-96AC-62D958CB83C9}.Release|Any CPU.Build.0 = Release|Any CPU
	EndGlobalSection
	GlobalSection(SolutionProperties) = preSolution
		HideSolutionNode = FALSE
	EndGlobalSection
	GlobalSection(ExtensibilityGlobals) = postSolution
		SolutionGuid = {B8B5E35E-FF33-4CFE-A4BB-57A4026C823E}
	EndGlobalSection
EndGlobal
