
Microsoft Visual Studio Solution File, Format Version 12.00
# Visual Studio 15
VisualStudioVersion = 15.0.28307.757
MinimumVisualStudioVersion = 10.0.40219.1
Project("{FAE04EC0-301F-11D3-BF4B-00C04F79EFBC}") = "JaggedArray", "JaggedArray\JaggedArray.csproj", "{CF70AB7D-2F44-479A-B030-56B2D968FB19}"
EndProject
Global
	GlobalSection(SolutionConfigurationPlatforms) = preSolution
		Debug|Any CPU = Debug|Any CPU
		Release|Any CPU = Release|Any CPU
	EndGlobalSection
	GlobalSection(ProjectConfigurationPlatforms) = postSolution
		{CF70AB7D-2F44-479A-B030-56B2D968FB19}.Debug|Any CPU.ActiveCfg = Debug|Any CPU
		{CF70AB7D-2F44-479A-B030-56B2D968FB19}.Debug|Any CPU.Build.0 = Debug|Any CPU
		{CF70AB7D-2F44-479A-B030-56B2D968FB19}.Release|Any CPU.ActiveCfg = Release|Any CPU
		{CF70AB7D-2F44-479A-B030-56B2D968FB19}.Release|Any CPU.Build.0 = Release|Any CPU
	EndGlobalSection
	GlobalSection(SolutionProperties) = preSolution
		HideSolutionNode = FALSE
	EndGlobalSection
	GlobalSection(ExtensibilityGlobals) = postSolution
		SolutionGuid = {E04F4C9B-BEC0-41A9-8B7D-5BC03FB7A207}
	EndGlobalSection
EndGlobal
