
Microsoft Visual Studio Solution File, Format Version 12.00
# Visual Studio 15
VisualStudioVersion = 15.0.28307.757
MinimumVisualStudioVersion = 10.0.40219.1
Project("{FAE04EC0-301F-11D3-BF4B-00C04F79EFBC}") = "IfStatementChallange2", "IfStatementChallange2\IfStatementChallange2.csproj", "{3146A0E9-2460-460E-85C1-C29CEDFB434B}"
EndProject
Global
	GlobalSection(SolutionConfigurationPlatforms) = preSolution
		Debug|Any CPU = Debug|Any CPU
		Release|Any CPU = Release|Any CPU
	EndGlobalSection
	GlobalSection(ProjectConfigurationPlatforms) = postSolution
		{3146A0E9-2460-460E-85C1-C29CEDFB434B}.Debug|Any CPU.ActiveCfg = Debug|Any CPU
		{3146A0E9-2460-460E-85C1-C29CEDFB434B}.Debug|Any CPU.Build.0 = Debug|Any CPU
		{3146A0E9-2460-460E-85C1-C29CEDFB434B}.Release|Any CPU.ActiveCfg = Release|Any CPU
		{3146A0E9-2460-460E-85C1-C29CEDFB434B}.Release|Any CPU.Build.0 = Release|Any CPU
	EndGlobalSection
	GlobalSection(SolutionProperties) = preSolution
		HideSolutionNode = FALSE
	EndGlobalSection
	GlobalSection(ExtensibilityGlobals) = postSolution
		SolutionGuid = {56B0670C-61AE-46F1-8B89-E233F0737EEA}
	EndGlobalSection
EndGlobal
