
Microsoft Visual Studio Solution File, Format Version 12.00
# Visual Studio 15
VisualStudioVersion = 15.0.28307.757
MinimumVisualStudioVersion = 10.0.40219.1
Project("{FAE04EC0-301F-11D3-BF4B-00C04F79EFBC}") = "ForEachLoops", "ForEachLoops\ForEachLoops.csproj", "{17D5D25F-2DBB-4CA1-8A80-DFDC0BC10F37}"
EndProject
Global
	GlobalSection(SolutionConfigurationPlatforms) = preSolution
		Debug|Any CPU = Debug|Any CPU
		Release|Any CPU = Release|Any CPU
	EndGlobalSection
	GlobalSection(ProjectConfigurationPlatforms) = postSolution
		{17D5D25F-2DBB-4CA1-8A80-DFDC0BC10F37}.Debug|Any CPU.ActiveCfg = Debug|Any CPU
		{17D5D25F-2DBB-4CA1-8A80-DFDC0BC10F37}.Debug|Any CPU.Build.0 = Debug|Any CPU
		{17D5D25F-2DBB-4CA1-8A80-DFDC0BC10F37}.Release|Any CPU.ActiveCfg = Release|Any CPU
		{17D5D25F-2DBB-4CA1-8A80-DFDC0BC10F37}.Release|Any CPU.Build.0 = Release|Any CPU
	EndGlobalSection
	GlobalSection(SolutionProperties) = preSolution
		HideSolutionNode = FALSE
	EndGlobalSection
	GlobalSection(ExtensibilityGlobals) = postSolution
		SolutionGuid = {E289E555-3281-4060-951C-E0DEEF76D6DE}
	EndGlobalSection
EndGlobal
