
Microsoft Visual Studio Solution File, Format Version 12.00
# Visual Studio Version 16
VisualStudioVersion = 16.0.31624.102
MinimumVisualStudioVersion = 10.0.40219.1
Project("{FAE04EC0-301F-11D3-BF4B-00C04F79EFBC}") = "WinFormsApp1", "WinFormsApp1\WinFormsApp1.csproj", "{F58DFECA-55B3-4FA3-B401-6D0EE34CEA59}"
EndProject
Global
	GlobalSection(SolutionConfigurationPlatforms) = preSolution
		Debug|Any CPU = Debug|Any CPU
		Release|Any CPU = Release|Any CPU
	EndGlobalSection
	GlobalSection(ProjectConfigurationPlatforms) = postSolution
		{F58DFECA-55B3-4FA3-B401-6D0EE34CEA59}.Debug|Any CPU.ActiveCfg = Debug|Any CPU
		{F58DFECA-55B3-4FA3-B401-6D0EE34CEA59}.Debug|Any CPU.Build.0 = Debug|Any CPU
		{F58DFECA-55B3-4FA3-B401-6D0EE34CEA59}.Release|Any CPU.ActiveCfg = Release|Any CPU
		{F58DFECA-55B3-4FA3-B401-6D0EE34CEA59}.Release|Any CPU.Build.0 = Release|Any CPU
	EndGlobalSection
	GlobalSection(SolutionProperties) = preSolution
		HideSolutionNode = FALSE
	EndGlobalSection
	GlobalSection(ExtensibilityGlobals) = postSolution
		SolutionGuid = {EBFE5B0F-2D34-487B-AC22-4DCC79F029EE}
	EndGlobalSection
EndGlobal
