
Microsoft Visual Studio Solution File, Format Version 12.00
# Visual Studio 15
VisualStudioVersion = 15.0.28307.902
MinimumVisualStudioVersion = 10.0.40219.1
Project("{FAE04EC0-301F-11D3-BF4B-00C04F79EFBC}") = "WPF 05", "WPF 05\WPF 05.csproj", "{D65FFEDA-B4A3-46D6-8E51-4911D5195258}"
EndProject
Global
	GlobalSection(SolutionConfigurationPlatforms) = preSolution
		Debug|Any CPU = Debug|Any CPU
		Release|Any CPU = Release|Any CPU
	EndGlobalSection
	GlobalSection(ProjectConfigurationPlatforms) = postSolution
		{D65FFEDA-B4A3-46D6-8E51-4911D5195258}.Debug|Any CPU.ActiveCfg = Debug|Any CPU
		{D65FFEDA-B4A3-46D6-8E51-4911D5195258}.Debug|Any CPU.Build.0 = Debug|Any CPU
		{D65FFEDA-B4A3-46D6-8E51-4911D5195258}.Release|Any CPU.ActiveCfg = Release|Any CPU
		{D65FFEDA-B4A3-46D6-8E51-4911D5195258}.Release|Any CPU.Build.0 = Release|Any CPU
	EndGlobalSection
	GlobalSection(SolutionProperties) = preSolution
		HideSolutionNode = FALSE
	EndGlobalSection
	GlobalSection(ExtensibilityGlobals) = postSolution
		SolutionGuid = {D798E922-159B-40AF-8128-4114A77BE393}
	EndGlobalSection
EndGlobal
