
Microsoft Visual Studio Solution File, Format Version 12.00
# Visual Studio 15
VisualStudioVersion = 15.0.28307.852
MinimumVisualStudioVersion = 10.0.40219.1
Project("{FAE04EC0-301F-11D3-BF4B-00C04F79EFBC}") = "JaggedArrayDemo", "JaggedArrayDemo\JaggedArrayDemo.csproj", "{C12ECD20-F7DA-488E-BFAD-3654272F315F}"
EndProject
Global
	GlobalSection(SolutionConfigurationPlatforms) = preSolution
		Debug|Any CPU = Debug|Any CPU
		Release|Any CPU = Release|Any CPU
	EndGlobalSection
	GlobalSection(ProjectConfigurationPlatforms) = postSolution
		{C12ECD20-F7DA-488E-BFAD-3654272F315F}.Debug|Any CPU.ActiveCfg = Debug|Any CPU
		{C12ECD20-F7DA-488E-BFAD-3654272F315F}.Debug|Any CPU.Build.0 = Debug|Any CPU
		{C12ECD20-F7DA-488E-BFAD-3654272F315F}.Release|Any CPU.ActiveCfg = Release|Any CPU
		{C12ECD20-F7DA-488E-BFAD-3654272F315F}.Release|Any CPU.Build.0 = Release|Any CPU
	EndGlobalSection
	GlobalSection(SolutionProperties) = preSolution
		HideSolutionNode = FALSE
	EndGlobalSection
	GlobalSection(ExtensibilityGlobals) = postSolution
		SolutionGuid = {14FF44EF-2F34-40F7-A432-FBBF2DE2E499}
	EndGlobalSection
EndGlobal
